// !$*UTF8*$!
{
	archiveVersion = 1;
	classes = {
	};
	objectVersion = 46;
	objects = {

/* Begin PBXBuildFile section */
		AA5934BD1FB07A69009ACC0A /* LastTableViewController.swift in Sources */ = {isa = PBXBuildFile; fileRef = AA5934BC1FB07A69009ACC0A /* LastTableViewController.swift */; };
		FAB293131FA0856B008EA1D7 /* AppDelegate.swift in Sources */ = {isa = PBXBuildFile; fileRef = FAB293121FA0856B008EA1D7 /* AppDelegate.swift */; };
		FAB293151FA0856B008EA1D7 /* ViewController.swift in Sources */ = {isa = PBXBuildFile; fileRef = FAB293141FA0856B008EA1D7 /* ViewController.swift */; };
		FAB293181FA0856B008EA1D7 /* Main.storyboard in Resources */ = {isa = PBXBuildFile; fileRef = FAB293161FA0856B008EA1D7 /* Main.storyboard */; };
		FAB2931A1FA0856B008EA1D7 /* Assets.xcassets in Resources */ = {isa = PBXBuildFile; fileRef = FAB293191FA0856B008EA1D7 /* Assets.xcassets */; };
		FAB2931D1FA0856B008EA1D7 /* LaunchScreen.storyboard in Resources */ = {isa = PBXBuildFile; fileRef = FAB2931B1FA0856B008EA1D7 /* LaunchScreen.storyboard */; };
		FAB293251FA08E3B008EA1D7 /* PlayController.swift in Sources */ = {isa = PBXBuildFile; fileRef = FAB293241FA08E3B008EA1D7 /* PlayController.swift */; };
		FAB2932D1FA0A251008EA1D7 /* board.png in Resources */ = {isa = PBXBuildFile; fileRef = FAB2932C1FA0A251008EA1D7 /* board.png */; };
		FAB2932F1FA0A25E008EA1D7 /* cross.png in Resources */ = {isa = PBXBuildFile; fileRef = FAB2932E1FA0A25E008EA1D7 /* cross.png */; };
		FAB293311FA0A266008EA1D7 /* nought.png in Resources */ = {isa = PBXBuildFile; fileRef = FAB293301FA0A266008EA1D7 /* nought.png */; };
		FAE164DC1FCC652700D17248 /* StarscreamSocketIO.framework in Frameworks */ = {isa = PBXBuildFile; fileRef = FAE164D11FCC651D00D17248 /* StarscreamSocketIO.framework */; };
		FAE164DD1FCC652700D17248 /* StarscreamSocketIO.framework in Embed Frameworks */ = {isa = PBXBuildFile; fileRef = FAE164D11FCC651D00D17248 /* StarscreamSocketIO.framework */; settings = {ATTRIBUTES = (CodeSignOnCopy, RemoveHeadersOnCopy, ); }; };
		FAE164E11FCC652F00D17248 /* SocketIO.framework in Frameworks */ = {isa = PBXBuildFile; fileRef = FAE164A71FCC650C00D17248 /* SocketIO.framework */; };
		FAE164E21FCC652F00D17248 /* SocketIO.framework in Embed Frameworks */ = {isa = PBXBuildFile; fileRef = FAE164A71FCC650C00D17248 /* SocketIO.framework */; settings = {ATTRIBUTES = (CodeSignOnCopy, RemoveHeadersOnCopy, ); }; };
/* End PBXBuildFile section */

/* Begin PBXContainerItemProxy section */
		FAE164A61FCC650C00D17248 /* PBXContainerItemProxy */ = {
			isa = PBXContainerItemProxy;
			containerPortal = FAE1649C1FCC650B00D17248 /* Socket.IO-Client-Swift.xcodeproj */;
			proxyType = 2;
			remoteGlobalIDString = 572EF2191B51F16C00EEBB58;
			remoteInfo = "SocketIO-iOS";
		};
		FAE164A81FCC650C00D17248 /* PBXContainerItemProxy */ = {
			isa = PBXContainerItemProxy;
			containerPortal = FAE1649C1FCC650B00D17248 /* Socket.IO-Client-Swift.xcodeproj */;
			proxyType = 2;
			remoteGlobalIDString = 572EF2241B51F16C00EEBB58;
			remoteInfo = "SocketIO-iOSTests";
		};
		FAE164AA1FCC650C00D17248 /* PBXContainerItemProxy */ = {
			isa = PBXContainerItemProxy;
			containerPortal = FAE1649C1FCC650B00D17248 /* Socket.IO-Client-Swift.xcodeproj */;
			proxyType = 2;
			remoteGlobalIDString = 572EF2381B51F18A00EEBB58;
			remoteInfo = "SocketIO-Mac";
		};
		FAE164AC1FCC650C00D17248 /* PBXContainerItemProxy */ = {
			isa = PBXContainerItemProxy;
			containerPortal = FAE1649C1FCC650B00D17248 /* Socket.IO-Client-Swift.xcodeproj */;
			proxyType = 2;
			remoteGlobalIDString = 572EF2421B51F18A00EEBB58;
			remoteInfo = "SocketIO-MacTests";
		};
		FAE164AE1FCC650C00D17248 /* PBXContainerItemProxy */ = {
			isa = PBXContainerItemProxy;
			containerPortal = FAE1649C1FCC650B00D17248 /* Socket.IO-Client-Swift.xcodeproj */;
			proxyType = 2;
			remoteGlobalIDString = 57634A161BD9B46A00E19CD7;
			remoteInfo = "SocketIO-tvOS";
		};
		FAE164B01FCC650C00D17248 /* PBXContainerItemProxy */ = {
			isa = PBXContainerItemProxy;
			containerPortal = FAE1649C1FCC650B00D17248 /* Socket.IO-Client-Swift.xcodeproj */;
			proxyType = 2;
			remoteGlobalIDString = 57634A3B1BD9B46D00E19CD7;
			remoteInfo = "SocketIO-tvOSTests";
		};
		FAE164D01FCC651D00D17248 /* PBXContainerItemProxy */ = {
			isa = PBXContainerItemProxy;
			containerPortal = FAE164C71FCC651D00D17248 /* Starscream.xcodeproj */;
			proxyType = 2;
			remoteGlobalIDString = 6B3E79E619D48B7F006071F7;
			remoteInfo = "Starscream iOS";
		};
		FAE164D21FCC651D00D17248 /* PBXContainerItemProxy */ = {
			isa = PBXContainerItemProxy;
			containerPortal = FAE164C71FCC651D00D17248 /* Starscream.xcodeproj */;
			proxyType = 2;
			remoteGlobalIDString = 6B3E79F119D48B7F006071F7;
			remoteInfo = "Starscream iOSTests";
		};
		FAE164D41FCC651D00D17248 /* PBXContainerItemProxy */ = {
			isa = PBXContainerItemProxy;
			containerPortal = FAE164C71FCC651D00D17248 /* Starscream.xcodeproj */;
			proxyType = 2;
			remoteGlobalIDString = D9C3E35F19E48FF1009FC285;
			remoteInfo = "Starscream OSX";
		};
		FAE164D61FCC651D00D17248 /* PBXContainerItemProxy */ = {
			isa = PBXContainerItemProxy;
			containerPortal = FAE164C71FCC651D00D17248 /* Starscream.xcodeproj */;
			proxyType = 2;
			remoteGlobalIDString = D9C3E36919E48FF1009FC285;
			remoteInfo = "Starscream OSXTests";
		};
		FAE164D81FCC651D00D17248 /* PBXContainerItemProxy */ = {
			isa = PBXContainerItemProxy;
			containerPortal = FAE164C71FCC651D00D17248 /* Starscream.xcodeproj */;
			proxyType = 2;
			remoteGlobalIDString = 091277971BD673A70003036D;
			remoteInfo = "Starscream tvOS";
		};
		FAE164DA1FCC651D00D17248 /* PBXContainerItemProxy */ = {
			isa = PBXContainerItemProxy;
			containerPortal = FAE164C71FCC651D00D17248 /* Starscream.xcodeproj */;
			proxyType = 2;
			remoteGlobalIDString = 091277A01BD673A70003036D;
			remoteInfo = "Starscream tvOSTests";
		};
		FAE164DE1FCC652700D17248 /* PBXContainerItemProxy */ = {
			isa = PBXContainerItemProxy;
			containerPortal = FAE164C71FCC651D00D17248 /* Starscream.xcodeproj */;
			proxyType = 1;
			remoteGlobalIDString = 6B3E79E519D48B7F006071F7;
			remoteInfo = "Starscream iOS";
		};
		FAE164E31FCC652F00D17248 /* PBXContainerItemProxy */ = {
			isa = PBXContainerItemProxy;
			containerPortal = FAE1649C1FCC650B00D17248 /* Socket.IO-Client-Swift.xcodeproj */;
			proxyType = 1;
			remoteGlobalIDString = 572EF2181B51F16C00EEBB58;
			remoteInfo = "SocketIO-iOS";
		};
/* End PBXContainerItemProxy section */

/* Begin PBXCopyFilesBuildPhase section */
		FAE164E01FCC652700D17248 /* Embed Frameworks */ = {
			isa = PBXCopyFilesBuildPhase;
			buildActionMask = 2147483647;
			dstPath = "";
			dstSubfolderSpec = 10;
			files = (
				FAE164DD1FCC652700D17248 /* StarscreamSocketIO.framework in Embed Frameworks */,
				FAE164E21FCC652F00D17248 /* SocketIO.framework in Embed Frameworks */,
			);
			name = "Embed Frameworks";
			runOnlyForDeploymentPostprocessing = 0;
		};
/* End PBXCopyFilesBuildPhase section */

/* Begin PBXFileReference section */
		AA5934BC1FB07A69009ACC0A /* LastTableViewController.swift */ = {isa = PBXFileReference; fileEncoding = 4; lastKnownFileType = sourcecode.swift; path = LastTableViewController.swift; sourceTree = "<group>"; };
		FAB2930F1FA0856B008EA1D7 /* TicTacToe.app */ = {isa = PBXFileReference; explicitFileType = wrapper.application; includeInIndex = 0; path = TicTacToe.app; sourceTree = BUILT_PRODUCTS_DIR; };
		FAB293121FA0856B008EA1D7 /* AppDelegate.swift */ = {isa = PBXFileReference; lastKnownFileType = sourcecode.swift; path = AppDelegate.swift; sourceTree = "<group>"; };
		FAB293141FA0856B008EA1D7 /* ViewController.swift */ = {isa = PBXFileReference; lastKnownFileType = sourcecode.swift; path = ViewController.swift; sourceTree = "<group>"; };
		FAB293171FA0856B008EA1D7 /* Base */ = {isa = PBXFileReference; lastKnownFileType = file.storyboard; name = Base; path = Base.lproj/Main.storyboard; sourceTree = "<group>"; };
		FAB293191FA0856B008EA1D7 /* Assets.xcassets */ = {isa = PBXFileReference; lastKnownFileType = folder.assetcatalog; path = Assets.xcassets; sourceTree = "<group>"; };
		FAB2931C1FA0856B008EA1D7 /* Base */ = {isa = PBXFileReference; lastKnownFileType = file.storyboard; name = Base; path = Base.lproj/LaunchScreen.storyboard; sourceTree = "<group>"; };
		FAB2931E1FA0856B008EA1D7 /* Info.plist */ = {isa = PBXFileReference; lastKnownFileType = text.plist.xml; path = Info.plist; sourceTree = "<group>"; };
		FAB293241FA08E3B008EA1D7 /* PlayController.swift */ = {isa = PBXFileReference; fileEncoding = 4; lastKnownFileType = sourcecode.swift; path = PlayController.swift; sourceTree = "<group>"; };
		FAB2932C1FA0A251008EA1D7 /* board.png */ = {isa = PBXFileReference; lastKnownFileType = image.png; path = board.png; sourceTree = "<group>"; };
		FAB2932E1FA0A25E008EA1D7 /* cross.png */ = {isa = PBXFileReference; lastKnownFileType = image.png; path = cross.png; sourceTree = "<group>"; };
		FAB293301FA0A266008EA1D7 /* nought.png */ = {isa = PBXFileReference; lastKnownFileType = image.png; path = nought.png; sourceTree = "<group>"; };
		FAE1649C1FCC650B00D17248 /* Socket.IO-Client-Swift.xcodeproj */ = {isa = PBXFileReference; lastKnownFileType = "wrapper.pb-project"; name = "Socket.IO-Client-Swift.xcodeproj"; path = "socket.io-client-swift/Socket.IO-Client-Swift.xcodeproj"; sourceTree = "<group>"; };
		FAE164C71FCC651D00D17248 /* Starscream.xcodeproj */ = {isa = PBXFileReference; lastKnownFileType = "wrapper.pb-project"; name = Starscream.xcodeproj; path = "socket.io-client-swift/../Starscream/Starscream.xcodeproj"; sourceTree = "<group>"; };
/* End PBXFileReference section */

/* Begin PBXFrameworksBuildPhase section */
		FAB2930C1FA0856B008EA1D7 /* Frameworks */ = {
			isa = PBXFrameworksBuildPhase;
			buildActionMask = 2147483647;
			files = (
				FAE164DC1FCC652700D17248 /* StarscreamSocketIO.framework in Frameworks */,
				FAE164E11FCC652F00D17248 /* SocketIO.framework in Frameworks */,
			);
			runOnlyForDeploymentPostprocessing = 0;
		};
/* End PBXFrameworksBuildPhase section */

/* Begin PBXGroup section */
		FAB293061FA0856B008EA1D7 = {
			isa = PBXGroup;
			children = (
				FAE164C71FCC651D00D17248 /* Starscream.xcodeproj */,
				FAE1649C1FCC650B00D17248 /* Socket.IO-Client-Swift.xcodeproj */,
				FAB293111FA0856B008EA1D7 /* TicTacToe */,
				FAB293101FA0856B008EA1D7 /* Products */,
			);
			sourceTree = "<group>";
		};
		FAB293101FA0856B008EA1D7 /* Products */ = {
			isa = PBXGroup;
			children = (
				FAB2930F1FA0856B008EA1D7 /* TicTacToe.app */,
			);
			name = Products;
			sourceTree = "<group>";
		};
		FAB293111FA0856B008EA1D7 /* TicTacToe */ = {
			isa = PBXGroup;
			children = (
				FAB2932C1FA0A251008EA1D7 /* board.png */,
				FAB2932E1FA0A25E008EA1D7 /* cross.png */,
				FAB293301FA0A266008EA1D7 /* nought.png */,
				FAB293121FA0856B008EA1D7 /* AppDelegate.swift */,
				FAB293141FA0856B008EA1D7 /* ViewController.swift */,
				FAB293161FA0856B008EA1D7 /* Main.storyboard */,
				FAB293191FA0856B008EA1D7 /* Assets.xcassets */,
				FAB2931B1FA0856B008EA1D7 /* LaunchScreen.storyboard */,
				FAB2931E1FA0856B008EA1D7 /* Info.plist */,
				FAB293241FA08E3B008EA1D7 /* PlayController.swift */,
				AA5934BC1FB07A69009ACC0A /* LastTableViewController.swift */,
			);
			path = TicTacToe;
			sourceTree = "<group>";
		};
		FAE1649D1FCC650B00D17248 /* Products */ = {
			isa = PBXGroup;
			children = (
				FAE164A71FCC650C00D17248 /* SocketIO.framework */,
				FAE164A91FCC650C00D17248 /* SocketIO-iOSTests.xctest */,
				FAE164AB1FCC650C00D17248 /* SocketIO.framework */,
				FAE164AD1FCC650C00D17248 /* SocketIO-MacTests.xctest */,
				FAE164AF1FCC650C00D17248 /* SocketIO.framework */,
				FAE164B11FCC650C00D17248 /* SocketIO-tvOSTests.xctest */,
			);
			name = Products;
			sourceTree = "<group>";
		};
		FAE164C81FCC651D00D17248 /* Products */ = {
			isa = PBXGroup;
			children = (
				FAE164D11FCC651D00D17248 /* StarscreamSocketIO.framework */,
				FAE164D31FCC651D00D17248 /* Starscream iOSTests.xctest */,
				FAE164D51FCC651D00D17248 /* StarscreamSocketIO.framework */,
				FAE164D71FCC651D00D17248 /* Starscream OSXTests.xctest */,
				FAE164D91FCC651D00D17248 /* StarscreamSocketIO.framework */,
				FAE164DB1FCC651D00D17248 /* Starscream tvOSTests.xctest */,
			);
			name = Products;
			sourceTree = "<group>";
		};
/* End PBXGroup section */

/* Begin PBXNativeTarget section */
		FAB2930E1FA0856B008EA1D7 /* TicTacToe */ = {
			isa = PBXNativeTarget;
			buildConfigurationList = FAB293211FA0856B008EA1D7 /* Build configuration list for PBXNativeTarget "TicTacToe" */;
			buildPhases = (
				FAB2930B1FA0856B008EA1D7 /* Sources */,
				FAB2930C1FA0856B008EA1D7 /* Frameworks */,
				FAB2930D1FA0856B008EA1D7 /* Resources */,
				FAE164E01FCC652700D17248 /* Embed Frameworks */,
			);
			buildRules = (
			);
			dependencies = (
				FAE164DF1FCC652700D17248 /* PBXTargetDependency */,
				FAE164E41FCC652F00D17248 /* PBXTargetDependency */,
			);
			name = TicTacToe;
			productName = TicTacToe;
			productReference = FAB2930F1FA0856B008EA1D7 /* TicTacToe.app */;
			productType = "com.apple.product-type.application";
		};
/* End PBXNativeTarget section */

/* Begin PBXProject section */
		FAB293071FA0856B008EA1D7 /* Project object */ = {
			isa = PBXProject;
			attributes = {
				LastSwiftUpdateCheck = 0820;
				LastUpgradeCheck = 0820;
				ORGANIZATIONNAME = "SUP'Internet 04";
				TargetAttributes = {
					FAB2930E1FA0856B008EA1D7 = {
						CreatedOnToolsVersion = 8.2.1;
						ProvisioningStyle = Automatic;
					};
				};
			};
			buildConfigurationList = FAB2930A1FA0856B008EA1D7 /* Build configuration list for PBXProject "TicTacToe" */;
			compatibilityVersion = "Xcode 3.2";
			developmentRegion = English;
			hasScannedForEncodings = 0;
			knownRegions = (
				en,
				Base,
			);
			mainGroup = FAB293061FA0856B008EA1D7;
			productRefGroup = FAB293101FA0856B008EA1D7 /* Products */;
			projectDirPath = "";
			projectReferences = (
				{
					ProductGroup = FAE1649D1FCC650B00D17248 /* Products */;
					ProjectRef = FAE1649C1FCC650B00D17248 /* Socket.IO-Client-Swift.xcodeproj */;
				},
				{
					ProductGroup = FAE164C81FCC651D00D17248 /* Products */;
					ProjectRef = FAE164C71FCC651D00D17248 /* Starscream.xcodeproj */;
				},
			);
			projectRoot = "";
			targets = (
				FAB2930E1FA0856B008EA1D7 /* TicTacToe */,
			);
		};
/* End PBXProject section */

/* Begin PBXReferenceProxy section */
		FAE164A71FCC650C00D17248 /* SocketIO.framework */ = {
			isa = PBXReferenceProxy;
			fileType = wrapper.framework;
			path = SocketIO.framework;
			remoteRef = FAE164A61FCC650C00D17248 /* PBXContainerItemProxy */;
			sourceTree = BUILT_PRODUCTS_DIR;
		};
		FAE164A91FCC650C00D17248 /* SocketIO-iOSTests.xctest */ = {
			isa = PBXReferenceProxy;
			fileType = wrapper.cfbundle;
			path = "SocketIO-iOSTests.xctest";
			remoteRef = FAE164A81FCC650C00D17248 /* PBXContainerItemProxy */;
			sourceTree = BUILT_PRODUCTS_DIR;
		};
		FAE164AB1FCC650C00D17248 /* SocketIO.framework */ = {
			isa = PBXReferenceProxy;
			fileType = wrapper.framework;
			path = SocketIO.framework;
			remoteRef = FAE164AA1FCC650C00D17248 /* PBXContainerItemProxy */;
			sourceTree = BUILT_PRODUCTS_DIR;
		};
		FAE164AD1FCC650C00D17248 /* SocketIO-MacTests.xctest */ = {
			isa = PBXReferenceProxy;
			fileType = wrapper.cfbundle;
			path = "SocketIO-MacTests.xctest";
			remoteRef = FAE164AC1FCC650C00D17248 /* PBXContainerItemProxy */;
			sourceTree = BUILT_PRODUCTS_DIR;
		};
		FAE164AF1FCC650C00D17248 /* SocketIO.framework */ = {
			isa = PBXReferenceProxy;
			fileType = wrapper.framework;
			path = SocketIO.framework;
			remoteRef = FAE164AE1FCC650C00D17248 /* PBXContainerItemProxy */;
			sourceTree = BUILT_PRODUCTS_DIR;
		};
		FAE164B11FCC650C00D17248 /* SocketIO-tvOSTests.xctest */ = {
			isa = PBXReferenceProxy;
			fileType = wrapper.cfbundle;
			path = "SocketIO-tvOSTests.xctest";
			remoteRef = FAE164B01FCC650C00D17248 /* PBXContainerItemProxy */;
			sourceTree = BUILT_PRODUCTS_DIR;
		};
		FAE164D11FCC651D00D17248 /* StarscreamSocketIO.framework */ = {
			isa = PBXReferenceProxy;
			fileType = wrapper.framework;
			path = StarscreamSocketIO.framework;
			remoteRef = FAE164D01FCC651D00D17248 /* PBXContainerItemProxy */;
			sourceTree = BUILT_PRODUCTS_DIR;
		};
		FAE164D31FCC651D00D17248 /* Starscream iOSTests.xctest */ = {
			isa = PBXReferenceProxy;
			fileType = wrapper.cfbundle;
			path = "Starscream iOSTests.xctest";
			remoteRef = FAE164D21FCC651D00D17248 /* PBXContainerItemProxy */;
			sourceTree = BUILT_PRODUCTS_DIR;
		};
		FAE164D51FCC651D00D17248 /* StarscreamSocketIO.framework */ = {
			isa = PBXReferenceProxy;
			fileType = wrapper.framework;
			path = StarscreamSocketIO.framework;
			remoteRef = FAE164D41FCC651D00D17248 /* PBXContainerItemProxy */;
			sourceTree = BUILT_PRODUCTS_DIR;
		};
		FAE164D71FCC651D00D17248 /* Starscream OSXTests.xctest */ = {
			isa = PBXReferenceProxy;
			fileType = wrapper.cfbundle;
			path = "Starscream OSXTests.xctest";
			remoteRef = FAE164D61FCC651D00D17248 /* PBXContainerItemProxy */;
			sourceTree = BUILT_PRODUCTS_DIR;
		};
		FAE164D91FCC651D00D17248 /* StarscreamSocketIO.framework */ = {
			isa = PBXReferenceProxy;
			fileType = wrapper.framework;
			path = StarscreamSocketIO.framework;
			remoteRef = FAE164D81FCC651D00D17248 /* PBXContainerItemProxy */;
			sourceTree = BUILT_PRODUCTS_DIR;
		};
		FAE164DB1FCC651D00D17248 /* Starscream tvOSTests.xctest */ = {
			isa = PBXReferenceProxy;
			fileType = wrapper.cfbundle;
			path = "Starscream tvOSTests.xctest";
			remoteRef = FAE164DA1FCC651D00D17248 /* PBXContainerItemProxy */;
			sourceTree = BUILT_PRODUCTS_DIR;
		};
/* End PBXReferenceProxy section */

/* Begin PBXResourcesBuildPhase section */
		FAB2930D1FA0856B008EA1D7 /* Resources */ = {
			isa = PBXResourcesBuildPhase;
			buildActionMask = 2147483647;
			files = (
				FAB2932F1FA0A25E008EA1D7 /* cross.png in Resources */,
				FAB2932D1FA0A251008EA1D7 /* board.png in Resources */,
				FAB293311FA0A266008EA1D7 /* nought.png in Resources */,
				FAB2931D1FA0856B008EA1D7 /* LaunchScreen.storyboard in Resources */,
				FAB2931A1FA0856B008EA1D7 /* Assets.xcassets in Resources */,
				FAB293181FA0856B008EA1D7 /* Main.storyboard in Resources */,
			);
			runOnlyForDeploymentPostprocessing = 0;
		};
/* End PBXResourcesBuildPhase section */

/* Begin PBXSourcesBuildPhase section */
		FAB2930B1FA0856B008EA1D7 /* Sources */ = {
			isa = PBXSourcesBuildPhase;
			buildActionMask = 2147483647;
			files = (
				FAB293151FA0856B008EA1D7 /* ViewController.swift in Sources */,
				FAB293251FA08E3B008EA1D7 /* PlayController.swift in Sources */,
				FAB293131FA0856B008EA1D7 /* AppDelegate.swift in Sources */,
				AA5934BD1FB07A69009ACC0A /* LastTableViewController.swift in Sources */,
			);
			runOnlyForDeploymentPostprocessing = 0;
		};
/* End PBXSourcesBuildPhase section */

/* Begin PBXTargetDependency section */
		FAE164DF1FCC652700D17248 /* PBXTargetDependency */ = {
			isa = PBXTargetDependency;
			name = "Starscream iOS";
			targetProxy = FAE164DE1FCC652700D17248 /* PBXContainerItemProxy */;
		};
		FAE164E41FCC652F00D17248 /* PBXTargetDependency */ = {
			isa = PBXTargetDependency;
			name = "SocketIO-iOS";
			targetProxy = FAE164E31FCC652F00D17248 /* PBXContainerItemProxy */;
		};
/* End PBXTargetDependency section */

/* Begin PBXVariantGroup section */
		FAB293161FA0856B008EA1D7 /* Main.storyboard */ = {
			isa = PBXVariantGroup;
			children = (
				FAB293171FA0856B008EA1D7 /* Base */,
			);
			name = Main.storyboard;
			sourceTree = "<group>";
		};
		FAB2931B1FA0856B008EA1D7 /* LaunchScreen.storyboard */ = {
			isa = PBXVariantGroup;
			children = (
				FAB2931C1FA0856B008EA1D7 /* Base */,
			);
			name = LaunchScreen.storyboard;
			sourceTree = "<group>";
		};
/* End PBXVariantGroup section */

/* Begin XCBuildConfiguration section */
		FAB2931F1FA0856B008EA1D7 /* Debug */ = {
			isa = XCBuildConfiguration;
			buildSettings = {
				ALWAYS_SEARCH_USER_PATHS = NO;
				CLANG_ANALYZER_NONNULL = YES;
				CLANG_CXX_LANGUAGE_STANDARD = "gnu++0x";
				CLANG_CXX_LIBRARY = "libc++";
				CLANG_ENABLE_MODULES = YES;
				CLANG_ENABLE_OBJC_ARC = YES;
				CLANG_WARN_BOOL_CONVERSION = YES;
				CLANG_WARN_CONSTANT_CONVERSION = YES;
				CLANG_WARN_DIRECT_OBJC_ISA_USAGE = YES_ERROR;
				CLANG_WARN_DOCUMENTATION_COMMENTS = YES;
				CLANG_WARN_EMPTY_BODY = YES;
				CLANG_WARN_ENUM_CONVERSION = YES;
				CLANG_WARN_INFINITE_RECURSION = YES;
				CLANG_WARN_INT_CONVERSION = YES;
				CLANG_WARN_OBJC_ROOT_CLASS = YES_ERROR;
				CLANG_WARN_SUSPICIOUS_MOVE = YES;
				CLANG_WARN_UNREACHABLE_CODE = YES;
				CLANG_WARN__DUPLICATE_METHOD_MATCH = YES;
				"CODE_SIGN_IDENTITY[sdk=iphoneos*]" = "iPhone Developer";
				COPY_PHASE_STRIP = NO;
				DEBUG_INFORMATION_FORMAT = dwarf;
				ENABLE_STRICT_OBJC_MSGSEND = YES;
				ENABLE_TESTABILITY = YES;
				GCC_C_LANGUAGE_STANDARD = gnu99;
				GCC_DYNAMIC_NO_PIC = NO;
				GCC_NO_COMMON_BLOCKS = YES;
				GCC_OPTIMIZATION_LEVEL = 0;
				GCC_PREPROCESSOR_DEFINITIONS = (
					"DEBUG=1",
					"$(inherited)",
				);
				GCC_WARN_64_TO_32_BIT_CONVERSION = YES;
				GCC_WARN_ABOUT_RETURN_TYPE = YES_ERROR;
				GCC_WARN_UNDECLARED_SELECTOR = YES;
				GCC_WARN_UNINITIALIZED_AUTOS = YES_AGGRESSIVE;
				GCC_WARN_UNUSED_FUNCTION = YES;
				GCC_WARN_UNUSED_VARIABLE = YES;
				IPHONEOS_DEPLOYMENT_TARGET = 10.2;
				MTL_ENABLE_DEBUG_INFO = YES;
				ONLY_ACTIVE_ARCH = YES;
				SDKROOT = iphoneos;
				SWIFT_ACTIVE_COMPILATION_CONDITIONS = DEBUG;
				SWIFT_OPTIMIZATION_LEVEL = "-Onone";
				TARGETED_DEVICE_FAMILY = "1,2";
			};
			name = Debug;
		};
		FAB293201FA0856B008EA1D7 /* Release */ = {
			isa = XCBuildConfiguration;
			buildSettings = {
				ALWAYS_SEARCH_USER_PATHS = NO;
				CLANG_ANALYZER_NONNULL = YES;
				CLANG_CXX_LANGUAGE_STANDARD = "gnu++0x";
				CLANG_CXX_LIBRARY = "libc++";
				CLANG_ENABLE_MODULES = YES;
				CLANG_ENABLE_OBJC_ARC = YES;
				CLANG_WARN_BOOL_CONVERSION = YES;
				CLANG_WARN_CONSTANT_CONVERSION = YES;
				CLANG_WARN_DIRECT_OBJC_ISA_USAGE = YES_ERROR;
				CLANG_WARN_DOCUMENTATION_COMMENTS = YES;
				CLANG_WARN_EMPTY_BODY = YES;
				CLANG_WARN_ENUM_CONVERSION = YES;
				CLANG_WARN_INFINITE_RECURSION = YES;
				CLANG_WARN_INT_CONVERSION = YES;
				CLANG_WARN_OBJC_ROOT_CLASS = YES_ERROR;
				CLANG_WARN_SUSPICIOUS_MOVE = YES;
				CLANG_WARN_UNREACHABLE_CODE = YES;
				CLANG_WARN__DUPLICATE_METHOD_MATCH = YES;
				"CODE_SIGN_IDENTITY[sdk=iphoneos*]" = "iPhone Developer";
				COPY_PHASE_STRIP = NO;
				DEBUG_INFORMATION_FORMAT = "dwarf-with-dsym";
				ENABLE_NS_ASSERTIONS = NO;
				ENABLE_STRICT_OBJC_MSGSEND = YES;
				GCC_C_LANGUAGE_STANDARD = gnu99;
				GCC_NO_COMMON_BLOCKS = YES;
				GCC_WARN_64_TO_32_BIT_CONVERSION = YES;
				GCC_WARN_ABOUT_RETURN_TYPE = YES_ERROR;
				GCC_WARN_UNDECLARED_SELECTOR = YES;
				GCC_WARN_UNINITIALIZED_AUTOS = YES_AGGRESSIVE;
				GCC_WARN_UNUSED_FUNCTION = YES;
				GCC_WARN_UNUSED_VARIABLE = YES;
				IPHONEOS_DEPLOYMENT_TARGET = 10.2;
				MTL_ENABLE_DEBUG_INFO = NO;
				SDKROOT = iphoneos;
				SWIFT_OPTIMIZATION_LEVEL = "-Owholemodule";
				TARGETED_DEVICE_FAMILY = "1,2";
				VALIDATE_PRODUCT = YES;
			};
			name = Release;
		};
		FAB293221FA0856B008EA1D7 /* Debug */ = {
			isa = XCBuildConfiguration;
			buildSettings = {
				ALWAYS_EMBED_SWIFT_STANDARD_LIBRARIES = YES;
				ASSETCATALOG_COMPILER_APPICON_NAME = AppIcon;
				INFOPLIST_FILE = TicTacToe/Info.plist;
				LD_RUNPATH_SEARCH_PATHS = "$(inherited) @executable_path/Frameworks";
				PRODUCT_BUNDLE_IDENTIFIER = FlorianDesjouis.TicTacToe;
				PRODUCT_NAME = "$(TARGET_NAME)";
				SWIFT_VERSION = 3.0;
			};
			name = Debug;
		};
		FAB293231FA0856B008EA1D7 /* Release */ = {
			isa = XCBuildConfiguration;
			buildSettings = {
				ALWAYS_EMBED_SWIFT_STANDARD_LIBRARIES = YES;
				ASSETCATALOG_COMPILER_APPICON_NAME = AppIcon;
				INFOPLIST_FILE = TicTacToe/Info.plist;
				LD_RUNPATH_SEARCH_PATHS = "$(inherited) @executable_path/Frameworks";
				PRODUCT_BUNDLE_IDENTIFIER = FlorianDesjouis.TicTacToe;
				PRODUCT_NAME = "$(TARGET_NAME)";
				SWIFT_VERSION = 3.0;
			};
			name = Release;
		};
/* End XCBuildConfiguration section */

/* Begin XCConfigurationList section */
		FAB2930A1FA0856B008EA1D7 /* Build configuration list for PBXProject "TicTacToe" */ = {
			isa = XCConfigurationList;
			buildConfigurations = (
				FAB2931F1FA0856B008EA1D7 /* Debug */,
				FAB293201FA0856B008EA1D7 /* Release */,
			);
			defaultConfigurationIsVisible = 0;
			defaultConfigurationName = Release;
		};
		FAB293211FA0856B008EA1D7 /* Build configuration list for PBXNativeTarget "TicTacToe" */ = {
			isa = XCConfigurationList;
			buildConfigurations = (
				FAB293221FA0856B008EA1D7 /* Debug */,
				FAB293231FA0856B008EA1D7 /* Release */,
			);
			defaultConfigurationIsVisible = 0;
			defaultConfigurationName = Release;
		};
/* End XCConfigurationList section */
	};
	rootObject = FAB293071FA0856B008EA1D7 /* Project object */;
}
