// !$*UTF8*$!
{
	archiveVersion = 1;
	classes = {
	};
	objectVersion = 46;
	objects = {

/* Begin PBXBuildFile section */
		AAD27FC01F73EE1F003329B4 /* main.swift in Sources */ = {isa = PBXBuildFile; fileRef = AAD27FBF1F73EE1F003329B4 /* main.swift */; };
		AAD27FC81F73EE48003329B4 /* Exercice1.swift in Sources */ = {isa = PBXBuildFile; fileRef = AAD27FC71F73EE48003329B4 /* Exercice1.swift */; };
		AAD27FCA1F73F58D003329B4 /* Exercice2.swift in Sources */ = {isa = PBXBuildFile; fileRef = AAD27FC91F73F58D003329B4 /* Exercice2.swift */; };
		CA85012C1F7CE8B700D7B15F /* Exercice3.swift in Sources */ = {isa = PBXBuildFile; fileRef = CA85012B1F7CE8B700D7B15F /* Exercice3.swift */; };
		CA85012E1F7D086100D7B15F /* Exercice4.swift in Sources */ = {isa = PBXBuildFile; fileRef = CA85012D1F7D086100D7B15F /* Exercice4.swift */; };
/* End PBXBuildFile section */

/* Begin PBXCopyFilesBuildPhase section */
		AAD27FBA1F73EE1F003329B4 /* CopyFiles */ = {
			isa = PBXCopyFilesBuildPhase;
			buildActionMask = 2147483647;
			dstPath = /usr/share/man/man1/;
			dstSubfolderSpec = 0;
			files = (
			);
			runOnlyForDeploymentPostprocessing = 1;
		};
/* End PBXCopyFilesBuildPhase section */

/* Begin PBXFileReference section */
		AAD27FBC1F73EE1F003329B4 /* Exercices */ = {isa = PBXFileReference; explicitFileType = "compiled.mach-o.executable"; includeInIndex = 0; path = Exercices; sourceTree = BUILT_PRODUCTS_DIR; };
		AAD27FBF1F73EE1F003329B4 /* main.swift */ = {isa = PBXFileReference; lastKnownFileType = sourcecode.swift; path = main.swift; sourceTree = "<group>"; };
		AAD27FC71F73EE48003329B4 /* Exercice1.swift */ = {isa = PBXFileReference; fileEncoding = 4; lastKnownFileType = sourcecode.swift; path = Exercice1.swift; sourceTree = "<group>"; };
		AAD27FC91F73F58D003329B4 /* Exercice2.swift */ = {isa = PBXFileReference; fileEncoding = 4; lastKnownFileType = sourcecode.swift; path = Exercice2.swift; sourceTree = "<group>"; };
		CA85012B1F7CE8B700D7B15F /* Exercice3.swift */ = {isa = PBXFileReference; fileEncoding = 4; lastKnownFileType = sourcecode.swift; path = Exercice3.swift; sourceTree = "<group>"; };
		CA85012D1F7D086100D7B15F /* Exercice4.swift */ = {isa = PBXFileReference; fileEncoding = 4; lastKnownFileType = sourcecode.swift; path = Exercice4.swift; sourceTree = "<group>"; };
/* End PBXFileReference section */

/* Begin PBXFrameworksBuildPhase section */
		AAD27FB91F73EE1F003329B4 /* Frameworks */ = {
			isa = PBXFrameworksBuildPhase;
			buildActionMask = 2147483647;
			files = (
			);
			runOnlyForDeploymentPostprocessing = 0;
		};
/* End PBXFrameworksBuildPhase section */

/* Begin PBXGroup section */
		AAD27FB31F73EE1F003329B4 = {
			isa = PBXGroup;
			children = (
				AAD27FBE1F73EE1F003329B4 /* Exercices */,
				AAD27FBD1F73EE1F003329B4 /* Products */,
			);
			sourceTree = "<group>";
		};
		AAD27FBD1F73EE1F003329B4 /* Products */ = {
			isa = PBXGroup;
			children = (
				AAD27FBC1F73EE1F003329B4 /* Exercices */,
			);
			name = Products;
			sourceTree = "<group>";
		};
		AAD27FBE1F73EE1F003329B4 /* Exercices */ = {
			isa = PBXGroup;
			children = (
				AAD27FC61F73EE24003329B4 /* Exercices */,
				AAD27FBF1F73EE1F003329B4 /* main.swift */,
			);
			path = Exercices;
			sourceTree = "<group>";
		};
		AAD27FC61F73EE24003329B4 /* Exercices */ = {
			isa = PBXGroup;
			children = (
				AAD27FC71F73EE48003329B4 /* Exercice1.swift */,
				AAD27FC91F73F58D003329B4 /* Exercice2.swift */,
				CA85012B1F7CE8B700D7B15F /* Exercice3.swift */,
				CA85012D1F7D086100D7B15F /* Exercice4.swift */,
			);
			name = Exercices;
			sourceTree = "<group>";
		};
/* End PBXGroup section */

/* Begin PBXNativeTarget section */
		AAD27FBB1F73EE1F003329B4 /* Exercices */ = {
			isa = PBXNativeTarget;
			buildConfigurationList = AAD27FC31F73EE1F003329B4 /* Build configuration list for PBXNativeTarget "Exercices" */;
			buildPhases = (
				AAD27FB81F73EE1F003329B4 /* Sources */,
				AAD27FB91F73EE1F003329B4 /* Frameworks */,
				AAD27FBA1F73EE1F003329B4 /* CopyFiles */,
			);
			buildRules = (
			);
			dependencies = (
			);
			name = Exercices;
			productName = Exercices;
			productReference = AAD27FBC1F73EE1F003329B4 /* Exercices */;
			productType = "com.apple.product-type.tool";
		};
/* End PBXNativeTarget section */

/* Begin PBXProject section */
		AAD27FB41F73EE1F003329B4 /* Project object */ = {
			isa = PBXProject;
			attributes = {
				LastUpgradeCheck = 0700;
				ORGANIZATIONNAME = FlorianDesjouis;
				TargetAttributes = {
					AAD27FBB1F73EE1F003329B4 = {
						CreatedOnToolsVersion = 7.0;
						LastSwiftMigration = 0820;
					};
				};
			};
			buildConfigurationList = AAD27FB71F73EE1F003329B4 /* Build configuration list for PBXProject "Exercices" */;
			compatibilityVersion = "Xcode 3.2";
			developmentRegion = English;
			hasScannedForEncodings = 0;
			knownRegions = (
				en,
			);
			mainGroup = AAD27FB31F73EE1F003329B4;
			productRefGroup = AAD27FBD1F73EE1F003329B4 /* Products */;
			projectDirPath = "";
			projectRoot = "";
			targets = (
				AAD27FBB1F73EE1F003329B4 /* Exercices */,
			);
		};
/* End PBXProject section */

/* Begin PBXSourcesBuildPhase section */
		AAD27FB81F73EE1F003329B4 /* Sources */ = {
			isa = PBXSourcesBuildPhase;
			buildActionMask = 2147483647;
			files = (
				AAD27FC01F73EE1F003329B4 /* main.swift in Sources */,
				CA85012E1F7D086100D7B15F /* Exercice4.swift in Sources */,
				CA85012C1F7CE8B700D7B15F /* Exercice3.swift in Sources */,
				AAD27FCA1F73F58D003329B4 /* Exercice2.swift in Sources */,
				AAD27FC81F73EE48003329B4 /* Exercice1.swift in Sources */,
			);
			runOnlyForDeploymentPostprocessing = 0;
		};
/* End PBXSourcesBuildPhase section */

/* Begin XCBuildConfiguration section */
		AAD27FC11F73EE1F003329B4 /* Debug */ = {
			isa = XCBuildConfiguration;
			buildSettings = {
				ALWAYS_SEARCH_USER_PATHS = NO;
				CLANG_CXX_LANGUAGE_STANDARD = "gnu++0x";
				CLANG_CXX_LIBRARY = "libc++";
				CLANG_ENABLE_MODULES = YES;
				CLANG_ENABLE_OBJC_ARC = YES;
				CLANG_WARN_BOOL_CONVERSION = YES;
				CLANG_WARN_CONSTANT_CONVERSION = YES;
				CLANG_WARN_DIRECT_OBJC_ISA_USAGE = YES_ERROR;
				CLANG_WARN_EMPTY_BODY = YES;
				CLANG_WARN_ENUM_CONVERSION = YES;
				CLANG_WARN_INT_CONVERSION = YES;
				CLANG_WARN_OBJC_ROOT_CLASS = YES_ERROR;
				CLANG_WARN_UNREACHABLE_CODE = YES;
				CLANG_WARN__DUPLICATE_METHOD_MATCH = YES;
				COPY_PHASE_STRIP = NO;
				DEBUG_INFORMATION_FORMAT = dwarf;
				ENABLE_STRICT_OBJC_MSGSEND = YES;
				ENABLE_TESTABILITY = YES;
				GCC_C_LANGUAGE_STANDARD = gnu99;
				GCC_DYNAMIC_NO_PIC = NO;
				GCC_NO_COMMON_BLOCKS = YES;
				GCC_OPTIMIZATION_LEVEL = 0;
				GCC_PREPROCESSOR_DEFINITIONS = (
					"DEBUG=1",
					"$(inherited)",
				);
				GCC_WARN_64_TO_32_BIT_CONVERSION = YES;
				GCC_WARN_ABOUT_RETURN_TYPE = YES_ERROR;
				GCC_WARN_UNDECLARED_SELECTOR = YES;
				GCC_WARN_UNINITIALIZED_AUTOS = YES_AGGRESSIVE;
				GCC_WARN_UNUSED_FUNCTION = YES;
				GCC_WARN_UNUSED_VARIABLE = YES;
				MACOSX_DEPLOYMENT_TARGET = 10.11;
				MTL_ENABLE_DEBUG_INFO = YES;
				ONLY_ACTIVE_ARCH = YES;
				SDKROOT = macosx;
				SWIFT_OPTIMIZATION_LEVEL = "-Onone";
			};
			name = Debug;
		};
		AAD27FC21F73EE1F003329B4 /* Release */ = {
			isa = XCBuildConfiguration;
			buildSettings = {
				ALWAYS_SEARCH_USER_PATHS = NO;
				CLANG_CXX_LANGUAGE_STANDARD = "gnu++0x";
				CLANG_CXX_LIBRARY = "libc++";
				CLANG_ENABLE_MODULES = YES;
				CLANG_ENABLE_OBJC_ARC = YES;
				CLANG_WARN_BOOL_CONVERSION = YES;
				CLANG_WARN_CONSTANT_CONVERSION = YES;
				CLANG_WARN_DIRECT_OBJC_ISA_USAGE = YES_ERROR;
				CLANG_WARN_EMPTY_BODY = YES;
				CLANG_WARN_ENUM_CONVERSION = YES;
				CLANG_WARN_INT_CONVERSION = YES;
				CLANG_WARN_OBJC_ROOT_CLASS = YES_ERROR;
				CLANG_WARN_UNREACHABLE_CODE = YES;
				CLANG_WARN__DUPLICATE_METHOD_MATCH = YES;
				COPY_PHASE_STRIP = NO;
				DEBUG_INFORMATION_FORMAT = "dwarf-with-dsym";
				ENABLE_NS_ASSERTIONS = NO;
				ENABLE_STRICT_OBJC_MSGSEND = YES;
				GCC_C_LANGUAGE_STANDARD = gnu99;
				GCC_NO_COMMON_BLOCKS = YES;
				GCC_WARN_64_TO_32_BIT_CONVERSION = YES;
				GCC_WARN_ABOUT_RETURN_TYPE = YES_ERROR;
				GCC_WARN_UNDECLARED_SELECTOR = YES;
				GCC_WARN_UNINITIALIZED_AUTOS = YES_AGGRESSIVE;
				GCC_WARN_UNUSED_FUNCTION = YES;
				GCC_WARN_UNUSED_VARIABLE = YES;
				MACOSX_DEPLOYMENT_TARGET = 10.11;
				MTL_ENABLE_DEBUG_INFO = NO;
				SDKROOT = macosx;
			};
			name = Release;
		};
		AAD27FC41F73EE1F003329B4 /* Debug */ = {
			isa = XCBuildConfiguration;
			buildSettings = {
				PRODUCT_NAME = "$(TARGET_NAME)";
				SWIFT_VERSION = 3.0;
			};
			name = Debug;
		};
		AAD27FC51F73EE1F003329B4 /* Release */ = {
			isa = XCBuildConfiguration;
			buildSettings = {
				PRODUCT_NAME = "$(TARGET_NAME)";
				SWIFT_VERSION = 3.0;
			};
			name = Release;
		};
/* End XCBuildConfiguration section */

/* Begin XCConfigurationList section */
		AAD27FB71F73EE1F003329B4 /* Build configuration list for PBXProject "Exercices" */ = {
			isa = XCConfigurationList;
			buildConfigurations = (
				AAD27FC11F73EE1F003329B4 /* Debug */,
				AAD27FC21F73EE1F003329B4 /* Release */,
			);
			defaultConfigurationIsVisible = 0;
			defaultConfigurationName = Release;
		};
		AAD27FC31F73EE1F003329B4 /* Build configuration list for PBXNativeTarget "Exercices" */ = {
			isa = XCConfigurationList;
			buildConfigurations = (
				AAD27FC41F73EE1F003329B4 /* Debug */,
				AAD27FC51F73EE1F003329B4 /* Release */,
			);
			defaultConfigurationIsVisible = 0;
			defaultConfigurationName = Release;
		};
/* End XCConfigurationList section */
	};
	rootObject = AAD27FB41F73EE1F003329B4 /* Project object */;
}
